
Microsoft Visual Studio Solution File, Format Version 12.00
# Visual Studio Version 16
VisualStudioVersion = 16.0.30717.126
MinimumVisualStudioVersion = 10.0.40219.1
Project("{FAE04EC0-301F-11D3-BF4B-00C04F79EFBC}") = "ShakespearePokemons", "ShakespearePokemons\ShakespearePokemons.csproj", "{D4E62387-37E0-4966-A96E-648A2EBD635D}"
EndProject
Project("{FAE04EC0-301F-11D3-BF4B-00C04F79EFBC}") = "ShakespearePokemons.ShakespeareBroker", "ShakespearePokemons.ShakespeareBroker\ShakespearePokemons.ShakespeareBroker.csproj", "{435575B9-6700-4912-B509-8352D60CA56A}"
EndProject
Project("{FAE04EC0-301F-11D3-BF4B-00C04F79EFBC}") = "ShakespearePokemons.PokemonBroker", "ShakespearePokemons.PokemonBroker\ShakespearePokemons.PokemonBroker.csproj", "{03CDFF63-F82B-42AC-92EC-26DD7AC37FF6}"
EndProject
Global
	GlobalSection(SolutionConfigurationPlatforms) = preSolution
		Debug|Any CPU = Debug|Any CPU
		Release|Any CPU = Release|Any CPU
	EndGlobalSection
	GlobalSection(ProjectConfigurationPlatforms) = postSolution
		{D4E62387-37E0-4966-A96E-648A2EBD635D}.Debug|Any CPU.ActiveCfg = Debug|Any CPU
		{D4E62387-37E0-4966-A96E-648A2EBD635D}.Debug|Any CPU.Build.0 = Debug|Any CPU
		{D4E62387-37E0-4966-A96E-648A2EBD635D}.Release|Any CPU.ActiveCfg = Release|Any CPU
		{D4E62387-37E0-4966-A96E-648A2EBD635D}.Release|Any CPU.Build.0 = Release|Any CPU
		{435575B9-6700-4912-B509-8352D60CA56A}.Debug|Any CPU.ActiveCfg = Debug|Any CPU
		{435575B9-6700-4912-B509-8352D60CA56A}.Debug|Any CPU.Build.0 = Debug|Any CPU
		{435575B9-6700-4912-B509-8352D60CA56A}.Release|Any CPU.ActiveCfg = Release|Any CPU
		{435575B9-6700-4912-B509-8352D60CA56A}.Release|Any CPU.Build.0 = Release|Any CPU
		{03CDFF63-F82B-42AC-92EC-26DD7AC37FF6}.Debug|Any CPU.ActiveCfg = Debug|Any CPU
		{03CDFF63-F82B-42AC-92EC-26DD7AC37FF6}.Debug|Any CPU.Build.0 = Debug|Any CPU
		{03CDFF63-F82B-42AC-92EC-26DD7AC37FF6}.Release|Any CPU.ActiveCfg = Release|Any CPU
		{03CDFF63-F82B-42AC-92EC-26DD7AC37FF6}.Release|Any CPU.Build.0 = Release|Any CPU
	EndGlobalSection
	GlobalSection(SolutionProperties) = preSolution
		HideSolutionNode = FALSE
	EndGlobalSection
	GlobalSection(ExtensibilityGlobals) = postSolution
		SolutionGuid = {8529D17C-7A65-4C67-8C7E-C6BAC34FA7E2}
	EndGlobalSection
EndGlobal
